
Microsoft Visual Studio Solution File, Format Version 12.00
# Visual Studio Version 17
VisualStudioVersion = 17.5.33424.131
MinimumVisualStudioVersion = 10.0.40219.1
Project("{FAE04EC0-301F-11D3-BF4B-00C04F79EFBC}") = "MakeUpAutomation", "MakeUpAutomation\MakeUpAutomation.csproj", "{79614A42-F0B6-4143-8C85-08C8C880AA7E}"
EndProject
Global
	GlobalSection(SolutionConfigurationPlatforms) = preSolution
		Debug|Any CPU = Debug|Any CPU
		Release|Any CPU = Release|Any CPU
	EndGlobalSection
	GlobalSection(ProjectConfigurationPlatforms) = postSolution
		{79614A42-F0B6-4143-8C85-08C8C880AA7E}.Debug|Any CPU.ActiveCfg = Debug|Any CPU
		{79614A42-F0B6-4143-8C85-08C8C880AA7E}.Debug|Any CPU.Build.0 = Debug|Any CPU
		{79614A42-F0B6-4143-8C85-08C8C880AA7E}.Release|Any CPU.ActiveCfg = Release|Any CPU
		{79614A42-F0B6-4143-8C85-08C8C880AA7E}.Release|Any CPU.Build.0 = Release|Any CPU
	EndGlobalSection
	GlobalSection(SolutionProperties) = preSolution
		HideSolutionNode = FALSE
	EndGlobalSection
	GlobalSection(ExtensibilityGlobals) = postSolution
		SolutionGuid = {A50EE739-F67A-4E92-81AC-872638BCAFE2}
	EndGlobalSection
EndGlobal
